
Microsoft Visual Studio Solution File, Format Version 12.00
# Visual Studio 15
VisualStudioVersion = 15.0.26730.10
MinimumVisualStudioVersion = 10.0.40219.1
Project("{FAE04EC0-301F-11D3-BF4B-00C04F79EFBC}") = "Demo2Process", "Demo2Process\Demo2Process.csproj", "{CDAC9DCE-CD44-463A-8E07-EA49715C89A5}"
EndProject
Project("{FAE04EC0-301F-11D3-BF4B-00C04F79EFBC}") = "demo2process2", "demo2process2\demo2process2.csproj", "{74D3370F-B7D5-4058-8525-3F191F893E13}"
EndProject
Project("{FAE04EC0-301F-11D3-BF4B-00C04F79EFBC}") = "Demo3委托", "Demo3委托\Demo3委托.csproj", "{A26A7A6E-672B-453B-BCAB-F68A1AE18BD5}"
EndProject
Project("{FAE04EC0-301F-11D3-BF4B-00C04F79EFBC}") = "Demo2委托2", "Demo2委托2\Demo2委托2.csproj", "{673CAEF9-BA5A-4AAA-8E52-5698647727C0}"
EndProject
Project("{FAE04EC0-301F-11D3-BF4B-00C04F79EFBC}") = "Configuration", "Configuration\Configuration.csproj", "{86A6C68A-8A9E-41CA-9242-6153FC25A155}"
EndProject
Project("{FAE04EC0-301F-11D3-BF4B-00C04F79EFBC}") = "SqlConnectionC", "SqlConnection\SqlConnectionC.csproj", "{7433CE0B-4E2A-4242-B557-23001DCD92D5}"
EndProject
Project("{FAE04EC0-301F-11D3-BF4B-00C04F79EFBC}") = "Demo4Province", "Demo4Province\Demo4Province.csproj", "{499F7D74-FCDA-4008-9B80-BA3A83A4E2D7}"
EndProject
Global
	GlobalSection(SolutionConfigurationPlatforms) = preSolution
		Debug|Any CPU = Debug|Any CPU
		Release|Any CPU = Release|Any CPU
	EndGlobalSection
	GlobalSection(ProjectConfigurationPlatforms) = postSolution
		{CDAC9DCE-CD44-463A-8E07-EA49715C89A5}.Debug|Any CPU.ActiveCfg = Debug|Any CPU
		{CDAC9DCE-CD44-463A-8E07-EA49715C89A5}.Debug|Any CPU.Build.0 = Debug|Any CPU
		{CDAC9DCE-CD44-463A-8E07-EA49715C89A5}.Release|Any CPU.ActiveCfg = Release|Any CPU
		{CDAC9DCE-CD44-463A-8E07-EA49715C89A5}.Release|Any CPU.Build.0 = Release|Any CPU
		{74D3370F-B7D5-4058-8525-3F191F893E13}.Debug|Any CPU.ActiveCfg = Debug|Any CPU
		{74D3370F-B7D5-4058-8525-3F191F893E13}.Debug|Any CPU.Build.0 = Debug|Any CPU
		{74D3370F-B7D5-4058-8525-3F191F893E13}.Release|Any CPU.ActiveCfg = Release|Any CPU
		{74D3370F-B7D5-4058-8525-3F191F893E13}.Release|Any CPU.Build.0 = Release|Any CPU
		{A26A7A6E-672B-453B-BCAB-F68A1AE18BD5}.Debug|Any CPU.ActiveCfg = Debug|Any CPU
		{A26A7A6E-672B-453B-BCAB-F68A1AE18BD5}.Debug|Any CPU.Build.0 = Debug|Any CPU
		{A26A7A6E-672B-453B-BCAB-F68A1AE18BD5}.Release|Any CPU.ActiveCfg = Release|Any CPU
		{A26A7A6E-672B-453B-BCAB-F68A1AE18BD5}.Release|Any CPU.Build.0 = Release|Any CPU
		{673CAEF9-BA5A-4AAA-8E52-5698647727C0}.Debug|Any CPU.ActiveCfg = Debug|Any CPU
		{673CAEF9-BA5A-4AAA-8E52-5698647727C0}.Debug|Any CPU.Build.0 = Debug|Any CPU
		{673CAEF9-BA5A-4AAA-8E52-5698647727C0}.Release|Any CPU.ActiveCfg = Release|Any CPU
		{673CAEF9-BA5A-4AAA-8E52-5698647727C0}.Release|Any CPU.Build.0 = Release|Any CPU
		{86A6C68A-8A9E-41CA-9242-6153FC25A155}.Debug|Any CPU.ActiveCfg = Debug|Any CPU
		{86A6C68A-8A9E-41CA-9242-6153FC25A155}.Debug|Any CPU.Build.0 = Debug|Any CPU
		{86A6C68A-8A9E-41CA-9242-6153FC25A155}.Release|Any CPU.ActiveCfg = Release|Any CPU
		{86A6C68A-8A9E-41CA-9242-6153FC25A155}.Release|Any CPU.Build.0 = Release|Any CPU
		{7433CE0B-4E2A-4242-B557-23001DCD92D5}.Debug|Any CPU.ActiveCfg = Debug|Any CPU
		{7433CE0B-4E2A-4242-B557-23001DCD92D5}.Debug|Any CPU.Build.0 = Debug|Any CPU
		{7433CE0B-4E2A-4242-B557-23001DCD92D5}.Release|Any CPU.ActiveCfg = Release|Any CPU
		{7433CE0B-4E2A-4242-B557-23001DCD92D5}.Release|Any CPU.Build.0 = Release|Any CPU
		{499F7D74-FCDA-4008-9B80-BA3A83A4E2D7}.Debug|Any CPU.ActiveCfg = Debug|Any CPU
		{499F7D74-FCDA-4008-9B80-BA3A83A4E2D7}.Debug|Any CPU.Build.0 = Debug|Any CPU
		{499F7D74-FCDA-4008-9B80-BA3A83A4E2D7}.Release|Any CPU.ActiveCfg = Release|Any CPU
		{499F7D74-FCDA-4008-9B80-BA3A83A4E2D7}.Release|Any CPU.Build.0 = Release|Any CPU
	EndGlobalSection
	GlobalSection(SolutionProperties) = preSolution
		HideSolutionNode = FALSE
	EndGlobalSection
	GlobalSection(ExtensibilityGlobals) = postSolution
		SolutionGuid = {4086829B-DBBB-48B9-B50C-CB1F590C4FFF}
	EndGlobalSection
EndGlobal
