
Microsoft Visual Studio Solution File, Format Version 12.00
# Visual Studio 14
VisualStudioVersion = 14.0.25420.1
MinimumVisualStudioVersion = 10.0.40219.1
Project("{FAE04EC0-301F-11D3-BF4B-00C04F79EFBC}") = "Demo1.DAL", "Demo1.dal\Demo1.DAL.csproj", "{A3894292-E632-454C-A1F7-A5D28CC6869C}"
EndProject
Project("{FAE04EC0-301F-11D3-BF4B-00C04F79EFBC}") = "Demo1.BLL", "Demo1.bll\Demo1.BLL.csproj", "{DBB50529-1CA0-459D-B6A2-8D86FB0DB74F}"
EndProject
Project("{FAE04EC0-301F-11D3-BF4B-00C04F79EFBC}") = "demo1.model", "demo1.model\demo1.model.csproj", "{D3F2A6E0-0282-435A-8F5B-9ACD7C034C37}"
EndProject
Project("{FAE04EC0-301F-11D3-BF4B-00C04F79EFBC}") = "demo1.common", "demo1.common\demo1.common.csproj", "{135CCFFA-F3C5-404C-A776-9F124D64CEB9}"
EndProject
Project("{FAE04EC0-301F-11D3-BF4B-00C04F79EFBC}") = "myWeb", "myWeb\myWeb.csproj", "{F2066C46-7F2A-4F82-99E4-7D4CDC8D44AD}"
EndProject
Global
	GlobalSection(SolutionConfigurationPlatforms) = preSolution
		Debug|Any CPU = Debug|Any CPU
		Release|Any CPU = Release|Any CPU
	EndGlobalSection
	GlobalSection(ProjectConfigurationPlatforms) = postSolution
		{A3894292-E632-454C-A1F7-A5D28CC6869C}.Debug|Any CPU.ActiveCfg = Debug|Any CPU
		{A3894292-E632-454C-A1F7-A5D28CC6869C}.Debug|Any CPU.Build.0 = Debug|Any CPU
		{A3894292-E632-454C-A1F7-A5D28CC6869C}.Release|Any CPU.ActiveCfg = Release|Any CPU
		{A3894292-E632-454C-A1F7-A5D28CC6869C}.Release|Any CPU.Build.0 = Release|Any CPU
		{DBB50529-1CA0-459D-B6A2-8D86FB0DB74F}.Debug|Any CPU.ActiveCfg = Debug|Any CPU
		{DBB50529-1CA0-459D-B6A2-8D86FB0DB74F}.Debug|Any CPU.Build.0 = Debug|Any CPU
		{DBB50529-1CA0-459D-B6A2-8D86FB0DB74F}.Release|Any CPU.ActiveCfg = Release|Any CPU
		{DBB50529-1CA0-459D-B6A2-8D86FB0DB74F}.Release|Any CPU.Build.0 = Release|Any CPU
		{D3F2A6E0-0282-435A-8F5B-9ACD7C034C37}.Debug|Any CPU.ActiveCfg = Debug|Any CPU
		{D3F2A6E0-0282-435A-8F5B-9ACD7C034C37}.Debug|Any CPU.Build.0 = Debug|Any CPU
		{D3F2A6E0-0282-435A-8F5B-9ACD7C034C37}.Release|Any CPU.ActiveCfg = Release|Any CPU
		{D3F2A6E0-0282-435A-8F5B-9ACD7C034C37}.Release|Any CPU.Build.0 = Release|Any CPU
		{135CCFFA-F3C5-404C-A776-9F124D64CEB9}.Debug|Any CPU.ActiveCfg = Debug|Any CPU
		{135CCFFA-F3C5-404C-A776-9F124D64CEB9}.Debug|Any CPU.Build.0 = Debug|Any CPU
		{135CCFFA-F3C5-404C-A776-9F124D64CEB9}.Release|Any CPU.ActiveCfg = Release|Any CPU
		{135CCFFA-F3C5-404C-A776-9F124D64CEB9}.Release|Any CPU.Build.0 = Release|Any CPU
		{F2066C46-7F2A-4F82-99E4-7D4CDC8D44AD}.Debug|Any CPU.ActiveCfg = Debug|Any CPU
		{F2066C46-7F2A-4F82-99E4-7D4CDC8D44AD}.Debug|Any CPU.Build.0 = Debug|Any CPU
		{F2066C46-7F2A-4F82-99E4-7D4CDC8D44AD}.Release|Any CPU.ActiveCfg = Release|Any CPU
		{F2066C46-7F2A-4F82-99E4-7D4CDC8D44AD}.Release|Any CPU.Build.0 = Release|Any CPU
	EndGlobalSection
	GlobalSection(SolutionProperties) = preSolution
		HideSolutionNode = FALSE
	EndGlobalSection
EndGlobal
