
Microsoft Visual Studio Solution File, Format Version 12.00
# Visual Studio 14
VisualStudioVersion = 14.0.25420.1
MinimumVisualStudioVersion = 10.0.40219.1
Project("{FAE04EC0-301F-11D3-BF4B-00C04F79EFBC}") = "Demo2字段", "Demo2字段\Demo2字段.csproj", "{A2E32059-3528-4542-9B29-CD8F8E76359B}"
EndProject
Project("{FAE04EC0-301F-11D3-BF4B-00C04F79EFBC}") = "Demo3静态和非静态", "Demo3静态和非静态\Demo3静态和非静态.csproj", "{37DAAD81-7BE8-4ED2-A822-9352B2E5B0D0}"
EndProject
Project("{FAE04EC0-301F-11D3-BF4B-00C04F79EFBC}") = "Demo4继承", "Demo4继承\Demo4继承.csproj", "{C4A57F79-B8F1-4FCF-B5A6-047E7A1D049D}"
EndProject
Project("{FAE04EC0-301F-11D3-BF4B-00C04F79EFBC}") = "Demo5继承中的构造函数", "Demo5继承中的构造函数\Demo5继承中的构造函数.csproj", "{84FF9407-993A-4EAE-A4A5-DDF62CC758A3}"
EndProject
Project("{FAE04EC0-301F-11D3-BF4B-00C04F79EFBC}") = "Demo6集合", "Demo6集合\Demo6集合.csproj", "{B496F3C9-1D5C-4498-ACA6-D53D30DA4937}"
EndProject
Project("{FAE04EC0-301F-11D3-BF4B-00C04F79EFBC}") = "Demo6Hashtable键值对集合", "Demo6Hashtable键值对集合\Demo6Hashtable键值对集合.csproj", "{7561EFB9-1FBD-4288-8D5C-1B3D36F0A07F}"
EndProject
Project("{FAE04EC0-301F-11D3-BF4B-00C04F79EFBC}") = "Demo9复制文件", "Demo9复制文件\Demo9复制文件.csproj", "{D29D9D6A-3AD5-42EF-B6DD-544AC3404A4A}"
EndProject
Project("{FAE04EC0-301F-11D3-BF4B-00C04F79EFBC}") = "demo91抽象", "demo91抽象\demo91抽象.csproj", "{9F7757C0-D217-44CB-A0B9-C61B2DF2FEAF}"
EndProject
Project("{FAE04EC0-301F-11D3-BF4B-00C04F79EFBC}") = "Demo92抽象实例", "Demo92抽象实例\Demo92抽象实例.csproj", "{206C3A00-4CEF-4D1E-BA8B-2F09A0965CE0}"
EndProject
Project("{FAE04EC0-301F-11D3-BF4B-00C04F79EFBC}") = "Demo94序列花和反序列化", "Demo94序列花和反序列化\Demo94序列花和反序列化.csproj", "{C797499E-7CDF-4B45-9A02-92182CBFE492}"
EndProject
Global
	GlobalSection(SolutionConfigurationPlatforms) = preSolution
		Debug|Any CPU = Debug|Any CPU
		Release|Any CPU = Release|Any CPU
	EndGlobalSection
	GlobalSection(ProjectConfigurationPlatforms) = postSolution
		{A2E32059-3528-4542-9B29-CD8F8E76359B}.Debug|Any CPU.ActiveCfg = Debug|Any CPU
		{A2E32059-3528-4542-9B29-CD8F8E76359B}.Debug|Any CPU.Build.0 = Debug|Any CPU
		{A2E32059-3528-4542-9B29-CD8F8E76359B}.Release|Any CPU.ActiveCfg = Release|Any CPU
		{A2E32059-3528-4542-9B29-CD8F8E76359B}.Release|Any CPU.Build.0 = Release|Any CPU
		{37DAAD81-7BE8-4ED2-A822-9352B2E5B0D0}.Debug|Any CPU.ActiveCfg = Debug|Any CPU
		{37DAAD81-7BE8-4ED2-A822-9352B2E5B0D0}.Debug|Any CPU.Build.0 = Debug|Any CPU
		{37DAAD81-7BE8-4ED2-A822-9352B2E5B0D0}.Release|Any CPU.ActiveCfg = Release|Any CPU
		{37DAAD81-7BE8-4ED2-A822-9352B2E5B0D0}.Release|Any CPU.Build.0 = Release|Any CPU
		{C4A57F79-B8F1-4FCF-B5A6-047E7A1D049D}.Debug|Any CPU.ActiveCfg = Debug|Any CPU
		{C4A57F79-B8F1-4FCF-B5A6-047E7A1D049D}.Debug|Any CPU.Build.0 = Debug|Any CPU
		{C4A57F79-B8F1-4FCF-B5A6-047E7A1D049D}.Release|Any CPU.ActiveCfg = Release|Any CPU
		{C4A57F79-B8F1-4FCF-B5A6-047E7A1D049D}.Release|Any CPU.Build.0 = Release|Any CPU
		{84FF9407-993A-4EAE-A4A5-DDF62CC758A3}.Debug|Any CPU.ActiveCfg = Debug|Any CPU
		{84FF9407-993A-4EAE-A4A5-DDF62CC758A3}.Debug|Any CPU.Build.0 = Debug|Any CPU
		{84FF9407-993A-4EAE-A4A5-DDF62CC758A3}.Release|Any CPU.ActiveCfg = Release|Any CPU
		{84FF9407-993A-4EAE-A4A5-DDF62CC758A3}.Release|Any CPU.Build.0 = Release|Any CPU
		{B496F3C9-1D5C-4498-ACA6-D53D30DA4937}.Debug|Any CPU.ActiveCfg = Debug|Any CPU
		{B496F3C9-1D5C-4498-ACA6-D53D30DA4937}.Debug|Any CPU.Build.0 = Debug|Any CPU
		{B496F3C9-1D5C-4498-ACA6-D53D30DA4937}.Release|Any CPU.ActiveCfg = Release|Any CPU
		{B496F3C9-1D5C-4498-ACA6-D53D30DA4937}.Release|Any CPU.Build.0 = Release|Any CPU
		{7561EFB9-1FBD-4288-8D5C-1B3D36F0A07F}.Debug|Any CPU.ActiveCfg = Debug|Any CPU
		{7561EFB9-1FBD-4288-8D5C-1B3D36F0A07F}.Debug|Any CPU.Build.0 = Debug|Any CPU
		{7561EFB9-1FBD-4288-8D5C-1B3D36F0A07F}.Release|Any CPU.ActiveCfg = Release|Any CPU
		{7561EFB9-1FBD-4288-8D5C-1B3D36F0A07F}.Release|Any CPU.Build.0 = Release|Any CPU
		{D29D9D6A-3AD5-42EF-B6DD-544AC3404A4A}.Debug|Any CPU.ActiveCfg = Debug|Any CPU
		{D29D9D6A-3AD5-42EF-B6DD-544AC3404A4A}.Debug|Any CPU.Build.0 = Debug|Any CPU
		{D29D9D6A-3AD5-42EF-B6DD-544AC3404A4A}.Release|Any CPU.ActiveCfg = Release|Any CPU
		{D29D9D6A-3AD5-42EF-B6DD-544AC3404A4A}.Release|Any CPU.Build.0 = Release|Any CPU
		{9F7757C0-D217-44CB-A0B9-C61B2DF2FEAF}.Debug|Any CPU.ActiveCfg = Debug|Any CPU
		{9F7757C0-D217-44CB-A0B9-C61B2DF2FEAF}.Debug|Any CPU.Build.0 = Debug|Any CPU
		{9F7757C0-D217-44CB-A0B9-C61B2DF2FEAF}.Release|Any CPU.ActiveCfg = Release|Any CPU
		{9F7757C0-D217-44CB-A0B9-C61B2DF2FEAF}.Release|Any CPU.Build.0 = Release|Any CPU
		{206C3A00-4CEF-4D1E-BA8B-2F09A0965CE0}.Debug|Any CPU.ActiveCfg = Debug|Any CPU
		{206C3A00-4CEF-4D1E-BA8B-2F09A0965CE0}.Debug|Any CPU.Build.0 = Debug|Any CPU
		{206C3A00-4CEF-4D1E-BA8B-2F09A0965CE0}.Release|Any CPU.ActiveCfg = Release|Any CPU
		{206C3A00-4CEF-4D1E-BA8B-2F09A0965CE0}.Release|Any CPU.Build.0 = Release|Any CPU
		{C797499E-7CDF-4B45-9A02-92182CBFE492}.Debug|Any CPU.ActiveCfg = Debug|Any CPU
		{C797499E-7CDF-4B45-9A02-92182CBFE492}.Debug|Any CPU.Build.0 = Debug|Any CPU
		{C797499E-7CDF-4B45-9A02-92182CBFE492}.Release|Any CPU.ActiveCfg = Release|Any CPU
		{C797499E-7CDF-4B45-9A02-92182CBFE492}.Release|Any CPU.Build.0 = Release|Any CPU
	EndGlobalSection
	GlobalSection(SolutionProperties) = preSolution
		HideSolutionNode = FALSE
	EndGlobalSection
EndGlobal
