
Microsoft Visual Studio Solution File, Format Version 12.00
# Visual Studio 14
VisualStudioVersion = 14.0.25420.1
MinimumVisualStudioVersion = 10.0.40219.1
Project("{FAE04EC0-301F-11D3-BF4B-00C04F79EFBC}") = "Demo1", "Demo1\Demo1.csproj", "{944C1404-E28F-4A75-B88D-451FFEC5CA25}"
EndProject
Project("{FAE04EC0-301F-11D3-BF4B-00C04F79EFBC}") = "Demo2", "Demo2\Demo2.csproj", "{BF1FABBA-4C44-4D29-BA8E-15BEED1C863B}"
EndProject
Project("{FAE04EC0-301F-11D3-BF4B-00C04F79EFBC}") = "Demo3", "Demo3\Demo3.csproj", "{B640614F-E5C7-443C-A11A-561B74412ED9}"
EndProject
Project("{FAE04EC0-301F-11D3-BF4B-00C04F79EFBC}") = "Demo4占位符及用户输入", "Demo4占位符\Demo4占位符及用户输入.csproj", "{F182E0D7-B08C-4BD2-8FA5-A64753AE9462}"
EndProject
Project("{FAE04EC0-301F-11D3-BF4B-00C04F79EFBC}") = "Demo4类型转换", "Demo4类型转换\Demo4类型转换.csproj", "{D18C98FA-4180-4363-A0F1-C3A1467846BA}"
EndProject
Project("{FAE04EC0-301F-11D3-BF4B-00C04F79EFBC}") = "Demo5ConvertTOAndException", "Demo5ConvertTO\Demo5ConvertTOAndException.csproj", "{4CF61813-7D23-4090-9128-8638D15ADB28}"
EndProject
Project("{FAE04EC0-301F-11D3-BF4B-00C04F79EFBC}") = "Demo6枚举", "Demo6枚举\Demo6枚举.csproj", "{50EE1AD1-E4AF-48A0-B18D-52AC17814206}"
EndProject
Project("{FAE04EC0-301F-11D3-BF4B-00C04F79EFBC}") = "Demo7结构struct", "Demo结构struct\Demo7结构struct.csproj", "{EF34987F-88A0-4686-8B4A-EFA468173E81}"
EndProject
Project("{FAE04EC0-301F-11D3-BF4B-00C04F79EFBC}") = "Demo8数组", "Demo8数组\Demo8数组.csproj", "{40E421A2-C92D-4986-840E-7E1D3F403F7F}"
EndProject
Project("{FAE04EC0-301F-11D3-BF4B-00C04F79EFBC}") = "Demo9方法", "Demo9方法\Demo9方法.csproj", "{4D1BFA41-1D14-4DC8-BB4A-6CD1DCC2512B}"
EndProject
Project("{FAE04EC0-301F-11D3-BF4B-00C04F79EFBC}") = "Demo10方法", "Demo10方法\Demo10方法.csproj", "{2DC2BA09-CBCF-4524-89C9-90F58666B1A5}"
EndProject
Project("{FAE04EC0-301F-11D3-BF4B-00C04F79EFBC}") = "Demo9方法中的out参数", "Demo9方法中的out参数\Demo9方法中的out参数.csproj", "{8995BC9A-89D7-463C-9518-DB921E0E30CB}"
EndProject
Global
	GlobalSection(SolutionConfigurationPlatforms) = preSolution
		Debug|Any CPU = Debug|Any CPU
		Release|Any CPU = Release|Any CPU
	EndGlobalSection
	GlobalSection(ProjectConfigurationPlatforms) = postSolution
		{944C1404-E28F-4A75-B88D-451FFEC5CA25}.Debug|Any CPU.ActiveCfg = Debug|Any CPU
		{944C1404-E28F-4A75-B88D-451FFEC5CA25}.Debug|Any CPU.Build.0 = Debug|Any CPU
		{944C1404-E28F-4A75-B88D-451FFEC5CA25}.Release|Any CPU.ActiveCfg = Release|Any CPU
		{944C1404-E28F-4A75-B88D-451FFEC5CA25}.Release|Any CPU.Build.0 = Release|Any CPU
		{BF1FABBA-4C44-4D29-BA8E-15BEED1C863B}.Debug|Any CPU.ActiveCfg = Debug|Any CPU
		{BF1FABBA-4C44-4D29-BA8E-15BEED1C863B}.Debug|Any CPU.Build.0 = Debug|Any CPU
		{BF1FABBA-4C44-4D29-BA8E-15BEED1C863B}.Release|Any CPU.ActiveCfg = Release|Any CPU
		{BF1FABBA-4C44-4D29-BA8E-15BEED1C863B}.Release|Any CPU.Build.0 = Release|Any CPU
		{B640614F-E5C7-443C-A11A-561B74412ED9}.Debug|Any CPU.ActiveCfg = Debug|Any CPU
		{B640614F-E5C7-443C-A11A-561B74412ED9}.Debug|Any CPU.Build.0 = Debug|Any CPU
		{B640614F-E5C7-443C-A11A-561B74412ED9}.Release|Any CPU.ActiveCfg = Release|Any CPU
		{B640614F-E5C7-443C-A11A-561B74412ED9}.Release|Any CPU.Build.0 = Release|Any CPU
		{F182E0D7-B08C-4BD2-8FA5-A64753AE9462}.Debug|Any CPU.ActiveCfg = Debug|Any CPU
		{F182E0D7-B08C-4BD2-8FA5-A64753AE9462}.Debug|Any CPU.Build.0 = Debug|Any CPU
		{F182E0D7-B08C-4BD2-8FA5-A64753AE9462}.Release|Any CPU.ActiveCfg = Release|Any CPU
		{F182E0D7-B08C-4BD2-8FA5-A64753AE9462}.Release|Any CPU.Build.0 = Release|Any CPU
		{D18C98FA-4180-4363-A0F1-C3A1467846BA}.Debug|Any CPU.ActiveCfg = Debug|Any CPU
		{D18C98FA-4180-4363-A0F1-C3A1467846BA}.Debug|Any CPU.Build.0 = Debug|Any CPU
		{D18C98FA-4180-4363-A0F1-C3A1467846BA}.Release|Any CPU.ActiveCfg = Release|Any CPU
		{D18C98FA-4180-4363-A0F1-C3A1467846BA}.Release|Any CPU.Build.0 = Release|Any CPU
		{4CF61813-7D23-4090-9128-8638D15ADB28}.Debug|Any CPU.ActiveCfg = Debug|Any CPU
		{4CF61813-7D23-4090-9128-8638D15ADB28}.Debug|Any CPU.Build.0 = Debug|Any CPU
		{4CF61813-7D23-4090-9128-8638D15ADB28}.Release|Any CPU.ActiveCfg = Release|Any CPU
		{4CF61813-7D23-4090-9128-8638D15ADB28}.Release|Any CPU.Build.0 = Release|Any CPU
		{50EE1AD1-E4AF-48A0-B18D-52AC17814206}.Debug|Any CPU.ActiveCfg = Debug|Any CPU
		{50EE1AD1-E4AF-48A0-B18D-52AC17814206}.Debug|Any CPU.Build.0 = Debug|Any CPU
		{50EE1AD1-E4AF-48A0-B18D-52AC17814206}.Release|Any CPU.ActiveCfg = Release|Any CPU
		{50EE1AD1-E4AF-48A0-B18D-52AC17814206}.Release|Any CPU.Build.0 = Release|Any CPU
		{EF34987F-88A0-4686-8B4A-EFA468173E81}.Debug|Any CPU.ActiveCfg = Debug|Any CPU
		{EF34987F-88A0-4686-8B4A-EFA468173E81}.Debug|Any CPU.Build.0 = Debug|Any CPU
		{EF34987F-88A0-4686-8B4A-EFA468173E81}.Release|Any CPU.ActiveCfg = Release|Any CPU
		{EF34987F-88A0-4686-8B4A-EFA468173E81}.Release|Any CPU.Build.0 = Release|Any CPU
		{40E421A2-C92D-4986-840E-7E1D3F403F7F}.Debug|Any CPU.ActiveCfg = Debug|Any CPU
		{40E421A2-C92D-4986-840E-7E1D3F403F7F}.Debug|Any CPU.Build.0 = Debug|Any CPU
		{40E421A2-C92D-4986-840E-7E1D3F403F7F}.Release|Any CPU.ActiveCfg = Release|Any CPU
		{40E421A2-C92D-4986-840E-7E1D3F403F7F}.Release|Any CPU.Build.0 = Release|Any CPU
		{4D1BFA41-1D14-4DC8-BB4A-6CD1DCC2512B}.Debug|Any CPU.ActiveCfg = Debug|Any CPU
		{4D1BFA41-1D14-4DC8-BB4A-6CD1DCC2512B}.Debug|Any CPU.Build.0 = Debug|Any CPU
		{4D1BFA41-1D14-4DC8-BB4A-6CD1DCC2512B}.Release|Any CPU.ActiveCfg = Release|Any CPU
		{4D1BFA41-1D14-4DC8-BB4A-6CD1DCC2512B}.Release|Any CPU.Build.0 = Release|Any CPU
		{2DC2BA09-CBCF-4524-89C9-90F58666B1A5}.Debug|Any CPU.ActiveCfg = Debug|Any CPU
		{2DC2BA09-CBCF-4524-89C9-90F58666B1A5}.Debug|Any CPU.Build.0 = Debug|Any CPU
		{2DC2BA09-CBCF-4524-89C9-90F58666B1A5}.Release|Any CPU.ActiveCfg = Release|Any CPU
		{2DC2BA09-CBCF-4524-89C9-90F58666B1A5}.Release|Any CPU.Build.0 = Release|Any CPU
		{8995BC9A-89D7-463C-9518-DB921E0E30CB}.Debug|Any CPU.ActiveCfg = Debug|Any CPU
		{8995BC9A-89D7-463C-9518-DB921E0E30CB}.Debug|Any CPU.Build.0 = Debug|Any CPU
		{8995BC9A-89D7-463C-9518-DB921E0E30CB}.Release|Any CPU.ActiveCfg = Release|Any CPU
		{8995BC9A-89D7-463C-9518-DB921E0E30CB}.Release|Any CPU.Build.0 = Release|Any CPU
	EndGlobalSection
	GlobalSection(SolutionProperties) = preSolution
		HideSolutionNode = FALSE
	EndGlobalSection
EndGlobal
