
Microsoft Visual Studio Solution File, Format Version 12.00
# Visual Studio 15
VisualStudioVersion = 15.0.26730.10
MinimumVisualStudioVersion = 10.0.40219.1
Project("{FAE04EC0-301F-11D3-BF4B-00C04F79EFBC}") = "Demo1Directory", "Demo1Directory\Demo1Directory.csproj", "{452827C3-DF72-4A48-A72F-25421CCD4388}"
EndProject
Project("{FAE04EC0-301F-11D3-BF4B-00C04F79EFBC}") = "Demo2Process", "Demo2Process\Demo2Process.csproj", "{CDAC9DCE-CD44-463A-8E07-EA49715C89A5}"
EndProject
Global
	GlobalSection(SolutionConfigurationPlatforms) = preSolution
		Debug|Any CPU = Debug|Any CPU
		Release|Any CPU = Release|Any CPU
	EndGlobalSection
	GlobalSection(ProjectConfigurationPlatforms) = postSolution
		{452827C3-DF72-4A48-A72F-25421CCD4388}.Debug|Any CPU.ActiveCfg = Debug|Any CPU
		{452827C3-DF72-4A48-A72F-25421CCD4388}.Debug|Any CPU.Build.0 = Debug|Any CPU
		{452827C3-DF72-4A48-A72F-25421CCD4388}.Release|Any CPU.ActiveCfg = Release|Any CPU
		{452827C3-DF72-4A48-A72F-25421CCD4388}.Release|Any CPU.Build.0 = Release|Any CPU
		{CDAC9DCE-CD44-463A-8E07-EA49715C89A5}.Debug|Any CPU.ActiveCfg = Debug|Any CPU
		{CDAC9DCE-CD44-463A-8E07-EA49715C89A5}.Debug|Any CPU.Build.0 = Debug|Any CPU
		{CDAC9DCE-CD44-463A-8E07-EA49715C89A5}.Release|Any CPU.ActiveCfg = Release|Any CPU
		{CDAC9DCE-CD44-463A-8E07-EA49715C89A5}.Release|Any CPU.Build.0 = Release|Any CPU
	EndGlobalSection
	GlobalSection(SolutionProperties) = preSolution
		HideSolutionNode = FALSE
	EndGlobalSection
	GlobalSection(ExtensibilityGlobals) = postSolution
		SolutionGuid = {4086829B-DBBB-48B9-B50C-CB1F590C4FFF}
	EndGlobalSection
EndGlobal
